// !$*UTF8*$!
{
	archiveVersion = 1;
	classes = {
	};
	objectVersion = 50;
	objects = {

/* Begin PBXBuildFile section */
		00277AAE25DDEA9D00F44213 /* AppDelegate.swift in Sources */ = {isa = PBXBuildFile; fileRef = 00277AAD25DDEA9D00F44213 /* AppDelegate.swift */; };
		00277AB025DDEA9D00F44213 /* SceneDelegate.swift in Sources */ = {isa = PBXBuildFile; fileRef = 00277AAF25DDEA9D00F44213 /* SceneDelegate.swift */; };
		00277AB225DDEA9D00F44213 /* ViewController.swift in Sources */ = {isa = PBXBuildFile; fileRef = 00277AB125DDEA9D00F44213 /* ViewController.swift */; };
		00277AB525DDEA9D00F44213 /* Main.storyboard in Resources */ = {isa = PBXBuildFile; fileRef = 00277AB325DDEA9D00F44213 /* Main.storyboard */; };
		00277AB725DDEAA000F44213 /* Assets.xcassets in Resources */ = {isa = PBXBuildFile; fileRef = 00277AB625DDEAA000F44213 /* Assets.xcassets */; };
		00277ABA25DDEAA000F44213 /* LaunchScreen.storyboard in Resources */ = {isa = PBXBuildFile; fileRef = 00277AB825DDEAA000F44213 /* LaunchScreen.storyboard */; };
		00277AC925DDEB6700F44213 /* ConversationsController.swift in Sources */ = {isa = PBXBuildFile; fileRef = 00277AC825DDEB6700F44213 /* ConversationsController.swift */; };
		00EDB64825DF635F0075E193 /* LoginController.swift in Sources */ = {isa = PBXBuildFile; fileRef = 00EDB64725DF635F0075E193 /* LoginController.swift */; };
		00EDB64B25DF636E0075E193 /* RegistrationController.swift in Sources */ = {isa = PBXBuildFile; fileRef = 00EDB64A25DF636E0075E193 /* RegistrationController.swift */; };
		00EDB64E25DF685B0075E193 /* Extensions.swift in Sources */ = {isa = PBXBuildFile; fileRef = 00EDB64D25DF685B0075E193 /* Extensions.swift */; };
/* End PBXBuildFile section */

/* Begin PBXFileReference section */
		00277AAA25DDEA9D00F44213 /* FireChat.app */ = {isa = PBXFileReference; explicitFileType = wrapper.application; includeInIndex = 0; path = FireChat.app; sourceTree = BUILT_PRODUCTS_DIR; };
		00277AAD25DDEA9D00F44213 /* AppDelegate.swift */ = {isa = PBXFileReference; lastKnownFileType = sourcecode.swift; path = AppDelegate.swift; sourceTree = "<group>"; };
		00277AAF25DDEA9D00F44213 /* SceneDelegate.swift */ = {isa = PBXFileReference; lastKnownFileType = sourcecode.swift; path = SceneDelegate.swift; sourceTree = "<group>"; };
		00277AB125DDEA9D00F44213 /* ViewController.swift */ = {isa = PBXFileReference; lastKnownFileType = sourcecode.swift; path = ViewController.swift; sourceTree = "<group>"; };
		00277AB425DDEA9D00F44213 /* Base */ = {isa = PBXFileReference; lastKnownFileType = file.storyboard; name = Base; path = Base.lproj/Main.storyboard; sourceTree = "<group>"; };
		00277AB625DDEAA000F44213 /* Assets.xcassets */ = {isa = PBXFileReference; lastKnownFileType = folder.assetcatalog; path = Assets.xcassets; sourceTree = "<group>"; };
		00277AB925DDEAA000F44213 /* Base */ = {isa = PBXFileReference; lastKnownFileType = file.storyboard; name = Base; path = Base.lproj/LaunchScreen.storyboard; sourceTree = "<group>"; };
		00277ABB25DDEAA000F44213 /* Info.plist */ = {isa = PBXFileReference; lastKnownFileType = text.plist.xml; path = Info.plist; sourceTree = "<group>"; };
		00277AC825DDEB6700F44213 /* ConversationsController.swift */ = {isa = PBXFileReference; lastKnownFileType = sourcecode.swift; path = ConversationsController.swift; sourceTree = "<group>"; };
		00EDB64725DF635F0075E193 /* LoginController.swift */ = {isa = PBXFileReference; lastKnownFileType = sourcecode.swift; path = LoginController.swift; sourceTree = "<group>"; };
		00EDB64A25DF636E0075E193 /* RegistrationController.swift */ = {isa = PBXFileReference; lastKnownFileType = sourcecode.swift; path = RegistrationController.swift; sourceTree = "<group>"; };
		00EDB64D25DF685B0075E193 /* Extensions.swift */ = {isa = PBXFileReference; lastKnownFileType = sourcecode.swift; path = Extensions.swift; sourceTree = "<group>"; };
/* End PBXFileReference section */

/* Begin PBXFrameworksBuildPhase section */
		00277AA725DDEA9D00F44213 /* Frameworks */ = {
			isa = PBXFrameworksBuildPhase;
			buildActionMask = 2147483647;
			files = (
			);
			runOnlyForDeploymentPostprocessing = 0;
		};
/* End PBXFrameworksBuildPhase section */

/* Begin PBXGroup section */
		00277AA125DDEA9D00F44213 = {
			isa = PBXGroup;
			children = (
				00277AAC25DDEA9D00F44213 /* FireChat */,
				00277AAB25DDEA9D00F44213 /* Products */,
			);
			sourceTree = "<group>";
		};
		00277AAB25DDEA9D00F44213 /* Products */ = {
			isa = PBXGroup;
			children = (
				00277AAA25DDEA9D00F44213 /* FireChat.app */,
			);
			name = Products;
			sourceTree = "<group>";
		};
		00277AAC25DDEA9D00F44213 /* FireChat */ = {
			isa = PBXGroup;
			children = (
				00277AC225DDEAC500F44213 /* Model */,
				00277AC625DDEAEE00F44213 /* View */,
				00277AC525DDEAEB00F44213 /* ViewModel */,
				00277AC425DDEAE200F44213 /* Controllers */,
				00277AC325DDEAE100F44213 /* API */,
				00277AC725DDEB0400F44213 /* Utils */,
				00277AAD25DDEA9D00F44213 /* AppDelegate.swift */,
				00277AAF25DDEA9D00F44213 /* SceneDelegate.swift */,
				00277AB125DDEA9D00F44213 /* ViewController.swift */,
				00277AB325DDEA9D00F44213 /* Main.storyboard */,
				00277AB625DDEAA000F44213 /* Assets.xcassets */,
				00277AB825DDEAA000F44213 /* LaunchScreen.storyboard */,
				00277ABB25DDEAA000F44213 /* Info.plist */,
			);
			path = FireChat;
			sourceTree = "<group>";
		};
		00277AC225DDEAC500F44213 /* Model */ = {
			isa = PBXGroup;
			children = (
			);
			path = Model;
			sourceTree = "<group>";
		};
		00277AC325DDEAE100F44213 /* API */ = {
			isa = PBXGroup;
			children = (
			);
			path = API;
			sourceTree = "<group>";
		};
		00277AC425DDEAE200F44213 /* Controllers */ = {
			isa = PBXGroup;
			children = (
				00EDB64625DF63470075E193 /* Authentication */,
				00277AC825DDEB6700F44213 /* ConversationsController.swift */,
			);
			path = Controllers;
			sourceTree = "<group>";
		};
		00277AC525DDEAEB00F44213 /* ViewModel */ = {
			isa = PBXGroup;
			children = (
			);
			path = ViewModel;
			sourceTree = "<group>";
		};
		00277AC625DDEAEE00F44213 /* View */ = {
			isa = PBXGroup;
			children = (
			);
			path = View;
			sourceTree = "<group>";
		};
		00277AC725DDEB0400F44213 /* Utils */ = {
			isa = PBXGroup;
			children = (
				00EDB64D25DF685B0075E193 /* Extensions.swift */,
			);
			path = Utils;
			sourceTree = "<group>";
		};
		00EDB64625DF63470075E193 /* Authentication */ = {
			isa = PBXGroup;
			children = (
				00EDB64725DF635F0075E193 /* LoginController.swift */,
				00EDB64A25DF636E0075E193 /* RegistrationController.swift */,
			);
			path = Authentication;
			sourceTree = "<group>";
		};
/* End PBXGroup section */

/* Begin PBXNativeTarget section */
		00277AA925DDEA9D00F44213 /* FireChat */ = {
			isa = PBXNativeTarget;
			buildConfigurationList = 00277ABE25DDEAA000F44213 /* Build configuration list for PBXNativeTarget "FireChat" */;
			buildPhases = (
				00277AA625DDEA9D00F44213 /* Sources */,
				00277AA725DDEA9D00F44213 /* Frameworks */,
				00277AA825DDEA9D00F44213 /* Resources */,
			);
			buildRules = (
			);
			dependencies = (
			);
			name = FireChat;
			productName = FireChat;
			productReference = 00277AAA25DDEA9D00F44213 /* FireChat.app */;
			productType = "com.apple.product-type.application";
		};
/* End PBXNativeTarget section */

/* Begin PBXProject section */
		00277AA225DDEA9D00F44213 /* Project object */ = {
			isa = PBXProject;
			attributes = {
				LastSwiftUpdateCheck = 1240;
				LastUpgradeCheck = 1240;
				TargetAttributes = {
					00277AA925DDEA9D00F44213 = {
						CreatedOnToolsVersion = 12.4;
					};
				};
			};
			buildConfigurationList = 00277AA525DDEA9D00F44213 /* Build configuration list for PBXProject "FireChat" */;
			compatibilityVersion = "Xcode 9.3";
			developmentRegion = en;
			hasScannedForEncodings = 0;
			knownRegions = (
				en,
				Base,
			);
			mainGroup = 00277AA125DDEA9D00F44213;
			productRefGroup = 00277AAB25DDEA9D00F44213 /* Products */;
			projectDirPath = "";
			projectRoot = "";
			targets = (
				00277AA925DDEA9D00F44213 /* FireChat */,
			);
		};
/* End PBXProject section */

/* Begin PBXResourcesBuildPhase section */
		00277AA825DDEA9D00F44213 /* Resources */ = {
			isa = PBXResourcesBuildPhase;
			buildActionMask = 2147483647;
			files = (
				00277ABA25DDEAA000F44213 /* LaunchScreen.storyboard in Resources */,
				00277AB725DDEAA000F44213 /* Assets.xcassets in Resources */,
				00277AB525DDEA9D00F44213 /* Main.storyboard in Resources */,
			);
			runOnlyForDeploymentPostprocessing = 0;
		};
/* End PBXResourcesBuildPhase section */

/* Begin PBXSourcesBuildPhase section */
		00277AA625DDEA9D00F44213 /* Sources */ = {
			isa = PBXSourcesBuildPhase;
			buildActionMask = 2147483647;
			files = (
				00277AB225DDEA9D00F44213 /* ViewController.swift in Sources */,
				00277AAE25DDEA9D00F44213 /* AppDelegate.swift in Sources */,
				00277AC925DDEB6700F44213 /* ConversationsController.swift in Sources */,
				00277AB025DDEA9D00F44213 /* SceneDelegate.swift in Sources */,
				00EDB64B25DF636E0075E193 /* RegistrationController.swift in Sources */,
				00EDB64825DF635F0075E193 /* LoginController.swift in Sources */,
				00EDB64E25DF685B0075E193 /* Extensions.swift in Sources */,
			);
			runOnlyForDeploymentPostprocessing = 0;
		};
/* End PBXSourcesBuildPhase section */

/* Begin PBXVariantGroup section */
		00277AB325DDEA9D00F44213 /* Main.storyboard */ = {
			isa = PBXVariantGroup;
			children = (
				00277AB425DDEA9D00F44213 /* Base */,
			);
			name = Main.storyboard;
			sourceTree = "<group>";
		};
		00277AB825DDEAA000F44213 /* LaunchScreen.storyboard */ = {
			isa = PBXVariantGroup;
			children = (
				00277AB925DDEAA000F44213 /* Base */,
			);
			name = LaunchScreen.storyboard;
			sourceTree = "<group>";
		};
/* End PBXVariantGroup section */

/* Begin XCBuildConfiguration section */
		00277ABC25DDEAA000F44213 /* Debug */ = {
			isa = XCBuildConfiguration;
			buildSettings = {
				ALWAYS_SEARCH_USER_PATHS = NO;
				CLANG_ANALYZER_NONNULL = YES;
				CLANG_ANALYZER_NUMBER_OBJECT_CONVERSION = YES_AGGRESSIVE;
				CLANG_CXX_LANGUAGE_STANDARD = "gnu++14";
				CLANG_CXX_LIBRARY = "libc++";
				CLANG_ENABLE_MODULES = YES;
				CLANG_ENABLE_OBJC_ARC = YES;
				CLANG_ENABLE_OBJC_WEAK = YES;
				CLANG_WARN_BLOCK_CAPTURE_AUTORELEASING = YES;
				CLANG_WARN_BOOL_CONVERSION = YES;
				CLANG_WARN_COMMA = YES;
				CLANG_WARN_CONSTANT_CONVERSION = YES;
				CLANG_WARN_DEPRECATED_OBJC_IMPLEMENTATIONS = YES;
				CLANG_WARN_DIRECT_OBJC_ISA_USAGE = YES_ERROR;
				CLANG_WARN_DOCUMENTATION_COMMENTS = YES;
				CLANG_WARN_EMPTY_BODY = YES;
				CLANG_WARN_ENUM_CONVERSION = YES;
				CLANG_WARN_INFINITE_RECURSION = YES;
				CLANG_WARN_INT_CONVERSION = YES;
				CLANG_WARN_NON_LITERAL_NULL_CONVERSION = YES;
				CLANG_WARN_OBJC_IMPLICIT_RETAIN_SELF = YES;
				CLANG_WARN_OBJC_LITERAL_CONVERSION = YES;
				CLANG_WARN_OBJC_ROOT_CLASS = YES_ERROR;
				CLANG_WARN_QUOTED_INCLUDE_IN_FRAMEWORK_HEADER = YES;
				CLANG_WARN_RANGE_LOOP_ANALYSIS = YES;
				CLANG_WARN_STRICT_PROTOTYPES = YES;
				CLANG_WARN_SUSPICIOUS_MOVE = YES;
				CLANG_WARN_UNGUARDED_AVAILABILITY = YES_AGGRESSIVE;
				CLANG_WARN_UNREACHABLE_CODE = YES;
				CLANG_WARN__DUPLICATE_METHOD_MATCH = YES;
				COPY_PHASE_STRIP = NO;
				DEBUG_INFORMATION_FORMAT = dwarf;
				ENABLE_STRICT_OBJC_MSGSEND = YES;
				ENABLE_TESTABILITY = YES;
				GCC_C_LANGUAGE_STANDARD = gnu11;
				GCC_DYNAMIC_NO_PIC = NO;
				GCC_NO_COMMON_BLOCKS = YES;
				GCC_OPTIMIZATION_LEVEL = 0;
				GCC_PREPROCESSOR_DEFINITIONS = (
					"DEBUG=1",
					"$(inherited)",
				);
				GCC_WARN_64_TO_32_BIT_CONVERSION = YES;
				GCC_WARN_ABOUT_RETURN_TYPE = YES_ERROR;
				GCC_WARN_UNDECLARED_SELECTOR = YES;
				GCC_WARN_UNINITIALIZED_AUTOS = YES_AGGRESSIVE;
				GCC_WARN_UNUSED_FUNCTION = YES;
				GCC_WARN_UNUSED_VARIABLE = YES;
				IPHONEOS_DEPLOYMENT_TARGET = 14.4;
				MTL_ENABLE_DEBUG_INFO = INCLUDE_SOURCE;
				MTL_FAST_MATH = YES;
				ONLY_ACTIVE_ARCH = YES;
				SDKROOT = iphoneos;
				SWIFT_ACTIVE_COMPILATION_CONDITIONS = DEBUG;
				SWIFT_OPTIMIZATION_LEVEL = "-Onone";
			};
			name = Debug;
		};
		00277ABD25DDEAA000F44213 /* Release */ = {
			isa = XCBuildConfiguration;
			buildSettings = {
				ALWAYS_SEARCH_USER_PATHS = NO;
				CLANG_ANALYZER_NONNULL = YES;
				CLANG_ANALYZER_NUMBER_OBJECT_CONVERSION = YES_AGGRESSIVE;
				CLANG_CXX_LANGUAGE_STANDARD = "gnu++14";
				CLANG_CXX_LIBRARY = "libc++";
				CLANG_ENABLE_MODULES = YES;
				CLANG_ENABLE_OBJC_ARC = YES;
				CLANG_ENABLE_OBJC_WEAK = YES;
				CLANG_WARN_BLOCK_CAPTURE_AUTORELEASING = YES;
				CLANG_WARN_BOOL_CONVERSION = YES;
				CLANG_WARN_COMMA = YES;
				CLANG_WARN_CONSTANT_CONVERSION = YES;
				CLANG_WARN_DEPRECATED_OBJC_IMPLEMENTATIONS = YES;
				CLANG_WARN_DIRECT_OBJC_ISA_USAGE = YES_ERROR;
				CLANG_WARN_DOCUMENTATION_COMMENTS = YES;
				CLANG_WARN_EMPTY_BODY = YES;
				CLANG_WARN_ENUM_CONVERSION = YES;
				CLANG_WARN_INFINITE_RECURSION = YES;
				CLANG_WARN_INT_CONVERSION = YES;
				CLANG_WARN_NON_LITERAL_NULL_CONVERSION = YES;
				CLANG_WARN_OBJC_IMPLICIT_RETAIN_SELF = YES;
				CLANG_WARN_OBJC_LITERAL_CONVERSION = YES;
				CLANG_WARN_OBJC_ROOT_CLASS = YES_ERROR;
				CLANG_WARN_QUOTED_INCLUDE_IN_FRAMEWORK_HEADER = YES;
				CLANG_WARN_RANGE_LOOP_ANALYSIS = YES;
				CLANG_WARN_STRICT_PROTOTYPES = YES;
				CLANG_WARN_SUSPICIOUS_MOVE = YES;
				CLANG_WARN_UNGUARDED_AVAILABILITY = YES_AGGRESSIVE;
				CLANG_WARN_UNREACHABLE_CODE = YES;
				CLANG_WARN__DUPLICATE_METHOD_MATCH = YES;
				COPY_PHASE_STRIP = NO;
				DEBUG_INFORMATION_FORMAT = "dwarf-with-dsym";
				ENABLE_NS_ASSERTIONS = NO;
				ENABLE_STRICT_OBJC_MSGSEND = YES;
				GCC_C_LANGUAGE_STANDARD = gnu11;
				GCC_NO_COMMON_BLOCKS = YES;
				GCC_WARN_64_TO_32_BIT_CONVERSION = YES;
				GCC_WARN_ABOUT_RETURN_TYPE = YES_ERROR;
				GCC_WARN_UNDECLARED_SELECTOR = YES;
				GCC_WARN_UNINITIALIZED_AUTOS = YES_AGGRESSIVE;
				GCC_WARN_UNUSED_FUNCTION = YES;
				GCC_WARN_UNUSED_VARIABLE = YES;
				IPHONEOS_DEPLOYMENT_TARGET = 14.4;
				MTL_ENABLE_DEBUG_INFO = NO;
				MTL_FAST_MATH = YES;
				SDKROOT = iphoneos;
				SWIFT_COMPILATION_MODE = wholemodule;
				SWIFT_OPTIMIZATION_LEVEL = "-O";
				VALIDATE_PRODUCT = YES;
			};
			name = Release;
		};
		00277ABF25DDEAA000F44213 /* Debug */ = {
			isa = XCBuildConfiguration;
			buildSettings = {
				ASSETCATALOG_COMPILER_APPICON_NAME = AppIcon;
				ASSETCATALOG_COMPILER_GLOBAL_ACCENT_COLOR_NAME = AccentColor;
				CODE_SIGN_STYLE = Automatic;
				DEVELOPMENT_TEAM = 3C92GP58QV;
				INFOPLIST_FILE = FireChat/Info.plist;
				LD_RUNPATH_SEARCH_PATHS = (
					"$(inherited)",
					"@executable_path/Frameworks",
				);
				PRODUCT_BUNDLE_IDENTIFIER = rookmotion.FireChat;
				PRODUCT_NAME = "$(TARGET_NAME)";
				SWIFT_VERSION = 5.0;
				TARGETED_DEVICE_FAMILY = "1,2";
			};
			name = Debug;
		};
		00277AC025DDEAA000F44213 /* Release */ = {
			isa = XCBuildConfiguration;
			buildSettings = {
				ASSETCATALOG_COMPILER_APPICON_NAME = AppIcon;
				ASSETCATALOG_COMPILER_GLOBAL_ACCENT_COLOR_NAME = AccentColor;
				CODE_SIGN_STYLE = Automatic;
				DEVELOPMENT_TEAM = 3C92GP58QV;
				INFOPLIST_FILE = FireChat/Info.plist;
				LD_RUNPATH_SEARCH_PATHS = (
					"$(inherited)",
					"@executable_path/Frameworks",
				);
				PRODUCT_BUNDLE_IDENTIFIER = rookmotion.FireChat;
				PRODUCT_NAME = "$(TARGET_NAME)";
				SWIFT_VERSION = 5.0;
				TARGETED_DEVICE_FAMILY = "1,2";
			};
			name = Release;
		};
/* End XCBuildConfiguration section */

/* Begin XCConfigurationList section */
		00277AA525DDEA9D00F44213 /* Build configuration list for PBXProject "FireChat" */ = {
			isa = XCConfigurationList;
			buildConfigurations = (
				00277ABC25DDEAA000F44213 /* Debug */,
				00277ABD25DDEAA000F44213 /* Release */,
			);
			defaultConfigurationIsVisible = 0;
			defaultConfigurationName = Release;
		};
		00277ABE25DDEAA000F44213 /* Build configuration list for PBXNativeTarget "FireChat" */ = {
			isa = XCConfigurationList;
			buildConfigurations = (
				00277ABF25DDEAA000F44213 /* Debug */,
				00277AC025DDEAA000F44213 /* Release */,
			);
			defaultConfigurationIsVisible = 0;
			defaultConfigurationName = Release;
		};
/* End XCConfigurationList section */
	};
	rootObject = 00277AA225DDEA9D00F44213 /* Project object */;
}
